
Microsoft Visual Studio Solution File, Format Version 10.00
# Visual Studio 2008
Project("{FAE04EC0-301F-11D3-BF4B-00C04F79EFBC}") = "UDCApp", "UDCApp\UDCApp.csproj", "{0165DF8A-DFD3-4945-8232-DFFAE8946049}"
EndProject
Global
	GlobalSection(SolutionConfigurationPlatforms) = preSolution
		Debug|Any CPU = Debug|Any CPU
		Release|Any CPU = Release|Any CPU
	EndGlobalSection
	GlobalSection(ProjectConfigurationPlatforms) = postSolution
		{0165DF8A-DFD3-4945-8232-DFFAE8946049}.Debug|Any CPU.ActiveCfg = Debug|Any CPU
		{0165DF8A-DFD3-4945-8232-DFFAE8946049}.Debug|Any CPU.Build.0 = Debug|Any CPU
		{0165DF8A-DFD3-4945-8232-DFFAE8946049}.Release|Any CPU.ActiveCfg = Release|Any CPU
		{0165DF8A-DFD3-4945-8232-DFFAE8946049}.Release|Any CPU.Build.0 = Release|Any CPU
	EndGlobalSection
	GlobalSection(SolutionProperties) = preSolution
		HideSolutionNode = FALSE
	EndGlobalSection
EndGlobal
