
Microsoft Visual Studio Solution File, Format Version 10.00
# Visual Studio 2008
Project("{FAE04EC0-301F-11D3-BF4B-00C04F79EFBC}") = "LINQ", "LINQ\LINQ.csproj", "{944EDFC2-F009-4408-850B-041C20E494D0}"
EndProject
Global
	GlobalSection(SolutionConfigurationPlatforms) = preSolution
		Debug|Any CPU = Debug|Any CPU
		Release|Any CPU = Release|Any CPU
	EndGlobalSection
	GlobalSection(ProjectConfigurationPlatforms) = postSolution
		{944EDFC2-F009-4408-850B-041C20E494D0}.Debug|Any CPU.ActiveCfg = Debug|Any CPU
		{944EDFC2-F009-4408-850B-041C20E494D0}.Debug|Any CPU.Build.0 = Debug|Any CPU
		{944EDFC2-F009-4408-850B-041C20E494D0}.Release|Any CPU.ActiveCfg = Release|Any CPU
		{944EDFC2-F009-4408-850B-041C20E494D0}.Release|Any CPU.Build.0 = Release|Any CPU
	EndGlobalSection
	GlobalSection(SolutionProperties) = preSolution
		HideSolutionNode = FALSE
	EndGlobalSection
EndGlobal
