
Microsoft Visual Studio Solution File, Format Version 10.00
# Visual Studio 2008
Project("{FAE04EC0-301F-11D3-BF4B-00C04F79EFBC}") = "PSITParse1", "PSITParse1\PSITParse1.csproj", "{8017B099-AA74-4A63-8FE2-C3DB25D24A85}"
EndProject
Global
	GlobalSection(SolutionConfigurationPlatforms) = preSolution
		Debug|Any CPU = Debug|Any CPU
		Release|Any CPU = Release|Any CPU
	EndGlobalSection
	GlobalSection(ProjectConfigurationPlatforms) = postSolution
		{8017B099-AA74-4A63-8FE2-C3DB25D24A85}.Debug|Any CPU.ActiveCfg = Debug|Any CPU
		{8017B099-AA74-4A63-8FE2-C3DB25D24A85}.Debug|Any CPU.Build.0 = Debug|Any CPU
		{8017B099-AA74-4A63-8FE2-C3DB25D24A85}.Release|Any CPU.ActiveCfg = Release|Any CPU
		{8017B099-AA74-4A63-8FE2-C3DB25D24A85}.Release|Any CPU.Build.0 = Release|Any CPU
	EndGlobalSection
	GlobalSection(SolutionProperties) = preSolution
		HideSolutionNode = FALSE
	EndGlobalSection
EndGlobal
