
Microsoft Visual Studio Solution File, Format Version 10.00
# Visual Studio 2008
Project("{FAE04EC0-301F-11D3-BF4B-00C04F79EFBC}") = "PSITPassByValue_ref", "PSITPassByValue_ref\PSITPassByValue_ref.csproj", "{F05289A5-01D6-44F8-8D7F-D186D0E8015C}"
EndProject
Global
	GlobalSection(SolutionConfigurationPlatforms) = preSolution
		Debug|Any CPU = Debug|Any CPU
		Release|Any CPU = Release|Any CPU
	EndGlobalSection
	GlobalSection(ProjectConfigurationPlatforms) = postSolution
		{F05289A5-01D6-44F8-8D7F-D186D0E8015C}.Debug|Any CPU.ActiveCfg = Debug|Any CPU
		{F05289A5-01D6-44F8-8D7F-D186D0E8015C}.Debug|Any CPU.Build.0 = Debug|Any CPU
		{F05289A5-01D6-44F8-8D7F-D186D0E8015C}.Release|Any CPU.ActiveCfg = Release|Any CPU
		{F05289A5-01D6-44F8-8D7F-D186D0E8015C}.Release|Any CPU.Build.0 = Release|Any CPU
	EndGlobalSection
	GlobalSection(SolutionProperties) = preSolution
		HideSolutionNode = FALSE
	EndGlobalSection
EndGlobal
