
Microsoft Visual Studio Solution File, Format Version 11.00
# Visual Studio 2010
Project("{F184B08F-C81C-45F6-A57F-5ABD9991F28F}") = "RepWinApp", "RepWinApp\RepWinApp.vbproj", "{0EF4FFD2-508B-4309-A005-62B3ABBD7CD3}"
EndProject
Global
	GlobalSection(SolutionConfigurationPlatforms) = preSolution
		Debug|Any CPU = Debug|Any CPU
		Release|Any CPU = Release|Any CPU
	EndGlobalSection
	GlobalSection(ProjectConfigurationPlatforms) = postSolution
		{0EF4FFD2-508B-4309-A005-62B3ABBD7CD3}.Debug|Any CPU.ActiveCfg = Debug|Any CPU
		{0EF4FFD2-508B-4309-A005-62B3ABBD7CD3}.Debug|Any CPU.Build.0 = Debug|Any CPU
		{0EF4FFD2-508B-4309-A005-62B3ABBD7CD3}.Release|Any CPU.ActiveCfg = Release|Any CPU
		{0EF4FFD2-508B-4309-A005-62B3ABBD7CD3}.Release|Any CPU.Build.0 = Release|Any CPU
	EndGlobalSection
	GlobalSection(SolutionProperties) = preSolution
		HideSolutionNode = FALSE
	EndGlobalSection
EndGlobal
