
Microsoft Visual Studio Solution File, Format Version 12.00
# Visual Studio Version 17
VisualStudioVersion = 17.2.32630.192
MinimumVisualStudioVersion = 10.0.40219.1
Project("{FAE04EC0-301F-11D3-BF4B-00C04F79EFBC}") = "CrudAppUsingADO", "CrudAppUsingADO\CrudAppUsingADO.csproj", "{B5268C89-3DD3-4823-A066-A2799691DA12}"
EndProject
Project("{FAE04EC0-301F-11D3-BF4B-00C04F79EFBC}") = "FirstDBConnection", "FirstDBConnection\FirstDBConnection.csproj", "{3DF05EE3-DBC8-4DE1-998D-47D13FA34374}"
EndProject
Global
	GlobalSection(SolutionConfigurationPlatforms) = preSolution
		Debug|Any CPU = Debug|Any CPU
		Release|Any CPU = Release|Any CPU
	EndGlobalSection
	GlobalSection(ProjectConfigurationPlatforms) = postSolution
		{B5268C89-3DD3-4823-A066-A2799691DA12}.Debug|Any CPU.ActiveCfg = Debug|Any CPU
		{B5268C89-3DD3-4823-A066-A2799691DA12}.Debug|Any CPU.Build.0 = Debug|Any CPU
		{B5268C89-3DD3-4823-A066-A2799691DA12}.Release|Any CPU.ActiveCfg = Release|Any CPU
		{B5268C89-3DD3-4823-A066-A2799691DA12}.Release|Any CPU.Build.0 = Release|Any CPU
		{3DF05EE3-DBC8-4DE1-998D-47D13FA34374}.Debug|Any CPU.ActiveCfg = Debug|Any CPU
		{3DF05EE3-DBC8-4DE1-998D-47D13FA34374}.Debug|Any CPU.Build.0 = Debug|Any CPU
		{3DF05EE3-DBC8-4DE1-998D-47D13FA34374}.Release|Any CPU.ActiveCfg = Release|Any CPU
		{3DF05EE3-DBC8-4DE1-998D-47D13FA34374}.Release|Any CPU.Build.0 = Release|Any CPU
	EndGlobalSection
	GlobalSection(SolutionProperties) = preSolution
		HideSolutionNode = FALSE
	EndGlobalSection
	GlobalSection(ExtensibilityGlobals) = postSolution
		SolutionGuid = {CE13C72A-BFCF-42E2-B11E-4BE33F2E895A}
	EndGlobalSection
EndGlobal
