
Microsoft Visual Studio Solution File, Format Version 10.00
# Visual Studio 2008
Project("{FAE04EC0-301F-11D3-BF4B-00C04F79EFBC}") = "PSITCons_Des", "PSITCons_Des\PSITCons_Des.csproj", "{8D852704-C41F-41A1-802B-A0E1C7956EC0}"
EndProject
Global
	GlobalSection(SolutionConfigurationPlatforms) = preSolution
		Debug|Any CPU = Debug|Any CPU
		Release|Any CPU = Release|Any CPU
	EndGlobalSection
	GlobalSection(ProjectConfigurationPlatforms) = postSolution
		{8D852704-C41F-41A1-802B-A0E1C7956EC0}.Debug|Any CPU.ActiveCfg = Debug|Any CPU
		{8D852704-C41F-41A1-802B-A0E1C7956EC0}.Debug|Any CPU.Build.0 = Debug|Any CPU
		{8D852704-C41F-41A1-802B-A0E1C7956EC0}.Release|Any CPU.ActiveCfg = Release|Any CPU
		{8D852704-C41F-41A1-802B-A0E1C7956EC0}.Release|Any CPU.Build.0 = Release|Any CPU
	EndGlobalSection
	GlobalSection(SolutionProperties) = preSolution
		HideSolutionNode = FALSE
	EndGlobalSection
EndGlobal
