
Microsoft Visual Studio Solution File, Format Version 10.00
# Visual Studio 2008
Project("{FAE04EC0-301F-11D3-BF4B-00C04F79EFBC}") = "PSITOneDArray", "PSITOneDArray\PSITOneDArray.csproj", "{10BE1901-99EA-4384-A77D-64A4D9DECDFE}"
EndProject
Global
	GlobalSection(SolutionConfigurationPlatforms) = preSolution
		Debug|Any CPU = Debug|Any CPU
		Release|Any CPU = Release|Any CPU
	EndGlobalSection
	GlobalSection(ProjectConfigurationPlatforms) = postSolution
		{10BE1901-99EA-4384-A77D-64A4D9DECDFE}.Debug|Any CPU.ActiveCfg = Debug|Any CPU
		{10BE1901-99EA-4384-A77D-64A4D9DECDFE}.Debug|Any CPU.Build.0 = Debug|Any CPU
		{10BE1901-99EA-4384-A77D-64A4D9DECDFE}.Release|Any CPU.ActiveCfg = Release|Any CPU
		{10BE1901-99EA-4384-A77D-64A4D9DECDFE}.Release|Any CPU.Build.0 = Release|Any CPU
	EndGlobalSection
	GlobalSection(SolutionProperties) = preSolution
		HideSolutionNode = FALSE
	EndGlobalSection
EndGlobal
