
Microsoft Visual Studio Solution File, Format Version 10.00
# Visual Studio 2008
Project("{FAE04EC0-301F-11D3-BF4B-00C04F79EFBC}") = "PSITBase", "PSITBase\PSITBase.csproj", "{EA0F1505-EB0B-41EA-8D0C-D45A23E7D304}"
EndProject
Global
	GlobalSection(SolutionConfigurationPlatforms) = preSolution
		Debug|Any CPU = Debug|Any CPU
		Release|Any CPU = Release|Any CPU
	EndGlobalSection
	GlobalSection(ProjectConfigurationPlatforms) = postSolution
		{EA0F1505-EB0B-41EA-8D0C-D45A23E7D304}.Debug|Any CPU.ActiveCfg = Debug|Any CPU
		{EA0F1505-EB0B-41EA-8D0C-D45A23E7D304}.Debug|Any CPU.Build.0 = Debug|Any CPU
		{EA0F1505-EB0B-41EA-8D0C-D45A23E7D304}.Release|Any CPU.ActiveCfg = Release|Any CPU
		{EA0F1505-EB0B-41EA-8D0C-D45A23E7D304}.Release|Any CPU.Build.0 = Release|Any CPU
	EndGlobalSection
	GlobalSection(SolutionProperties) = preSolution
		HideSolutionNode = FALSE
	EndGlobalSection
EndGlobal
